version: 1.0
shards:
  action-controller:
    github: spider-gazelle/action-controller
    version: 1.0.5

  active-model:
    github: spider-gazelle/active-model
    version: 1.0.1

  bisect:
    github: spider-gazelle/bisect
    version: 1.0.0

  cron_parser:
    github: kostya/cron_parser
    version: 0.2.0

  habitat:
    github: luckyframework/habitat
    version: 0.2.1

  influxdb:
    github: aca-labs/influxdb.cr
    version: 0.2.0

  radix:
    github: luislavena/radix
    version: 0.3.8

  router:
    github: tbrand/router.cr
    version: 0.2.3

  tasker:
    github: spider-gazelle/tasker
    version: 1.0.0

